
Microsoft Visual Studio Solution File, Format Version 12.00
# Visual Studio Version 17
VisualStudioVersion = 17.0.31903.59
MinimumVisualStudioVersion = 10.0.40219.1
Project("{FAE04EC0-301F-11D3-BF4B-00C04F79EFBC}") = "dotnetapp", "dotnetapp\dotnetapp.csproj", "{CCB600BD-F364-4B3A-B3C9-B679F9E95E32}"
EndProject
Project("{FAE04EC0-301F-11D3-BF4B-00C04F79EFBC}") = "TestProject", "TestProject\TestProject.csproj", "{BE44F11B-4906-4F56-BD50-5E8FAB9FD7F8}"
EndProject
Global
	GlobalSection(SolutionConfigurationPlatforms) = preSolution
		Debug|Any CPU = Debug|Any CPU
		Release|Any CPU = Release|Any CPU
	EndGlobalSection
	GlobalSection(SolutionProperties) = preSolution
		HideSolutionNode = FALSE
	EndGlobalSection
	GlobalSection(ProjectConfigurationPlatforms) = postSolution
		{CCB600BD-F364-4B3A-B3C9-B679F9E95E32}.Debug|Any CPU.ActiveCfg = Debug|Any CPU
		{CCB600BD-F364-4B3A-B3C9-B679F9E95E32}.Debug|Any CPU.Build.0 = Debug|Any CPU
		{CCB600BD-F364-4B3A-B3C9-B679F9E95E32}.Release|Any CPU.ActiveCfg = Release|Any CPU
		{CCB600BD-F364-4B3A-B3C9-B679F9E95E32}.Release|Any CPU.Build.0 = Release|Any CPU
		{BE44F11B-4906-4F56-BD50-5E8FAB9FD7F8}.Debug|Any CPU.ActiveCfg = Debug|Any CPU
		{BE44F11B-4906-4F56-BD50-5E8FAB9FD7F8}.Debug|Any CPU.Build.0 = Debug|Any CPU
		{BE44F11B-4906-4F56-BD50-5E8FAB9FD7F8}.Release|Any CPU.ActiveCfg = Release|Any CPU
		{BE44F11B-4906-4F56-BD50-5E8FAB9FD7F8}.Release|Any CPU.Build.0 = Release|Any CPU
	EndGlobalSection
EndGlobal
