
Microsoft Visual Studio Solution File, Format Version 12.00
# Visual Studio Version 17
VisualStudioVersion = 17.0.31903.59
MinimumVisualStudioVersion = 10.0.40219.1
Project("{FAE04EC0-301F-11D3-BF4B-00C04F79EFBC}") = "dotnetapp", "dotnetapp\dotnetapp.csproj", "{E0DC2102-3325-4114-8195-4CC2C87153C4}"
EndProject
Project("{FAE04EC0-301F-11D3-BF4B-00C04F79EFBC}") = "TestProject", "TestProject\TestProject.csproj", "{39C70A16-1F03-48B8-ABF5-7A55EAF9AC6B}"
EndProject
Global
	GlobalSection(SolutionConfigurationPlatforms) = preSolution
		Debug|Any CPU = Debug|Any CPU
		Release|Any CPU = Release|Any CPU
	EndGlobalSection
	GlobalSection(SolutionProperties) = preSolution
		HideSolutionNode = FALSE
	EndGlobalSection
	GlobalSection(ProjectConfigurationPlatforms) = postSolution
		{E0DC2102-3325-4114-8195-4CC2C87153C4}.Debug|Any CPU.ActiveCfg = Debug|Any CPU
		{E0DC2102-3325-4114-8195-4CC2C87153C4}.Debug|Any CPU.Build.0 = Debug|Any CPU
		{E0DC2102-3325-4114-8195-4CC2C87153C4}.Release|Any CPU.ActiveCfg = Release|Any CPU
		{E0DC2102-3325-4114-8195-4CC2C87153C4}.Release|Any CPU.Build.0 = Release|Any CPU
		{39C70A16-1F03-48B8-ABF5-7A55EAF9AC6B}.Debug|Any CPU.ActiveCfg = Debug|Any CPU
		{39C70A16-1F03-48B8-ABF5-7A55EAF9AC6B}.Debug|Any CPU.Build.0 = Debug|Any CPU
		{39C70A16-1F03-48B8-ABF5-7A55EAF9AC6B}.Release|Any CPU.ActiveCfg = Release|Any CPU
		{39C70A16-1F03-48B8-ABF5-7A55EAF9AC6B}.Release|Any CPU.Build.0 = Release|Any CPU
	EndGlobalSection
EndGlobal
