
Microsoft Visual Studio Solution File, Format Version 12.00
# Visual Studio Version 17
VisualStudioVersion = 17.0.31903.59
MinimumVisualStudioVersion = 10.0.40219.1
Project("{FAE04EC0-301F-11D3-BF4B-00C04F79EFBC}") = "dotnetapp", "dotnetapp\dotnetapp.csproj", "{AB59656D-DE0A-46C5-88D7-06D408A849F1}"
EndProject
Project("{FAE04EC0-301F-11D3-BF4B-00C04F79EFBC}") = "TestProject", "TestProject\TestProject.csproj", "{5E0B82D4-050B-4556-8B23-2BFF4ADB1901}"
EndProject
Global
	GlobalSection(SolutionConfigurationPlatforms) = preSolution
		Debug|Any CPU = Debug|Any CPU
		Release|Any CPU = Release|Any CPU
	EndGlobalSection
	GlobalSection(SolutionProperties) = preSolution
		HideSolutionNode = FALSE
	EndGlobalSection
	GlobalSection(ProjectConfigurationPlatforms) = postSolution
		{AB59656D-DE0A-46C5-88D7-06D408A849F1}.Debug|Any CPU.ActiveCfg = Debug|Any CPU
		{AB59656D-DE0A-46C5-88D7-06D408A849F1}.Debug|Any CPU.Build.0 = Debug|Any CPU
		{AB59656D-DE0A-46C5-88D7-06D408A849F1}.Release|Any CPU.ActiveCfg = Release|Any CPU
		{AB59656D-DE0A-46C5-88D7-06D408A849F1}.Release|Any CPU.Build.0 = Release|Any CPU
		{5E0B82D4-050B-4556-8B23-2BFF4ADB1901}.Debug|Any CPU.ActiveCfg = Debug|Any CPU
		{5E0B82D4-050B-4556-8B23-2BFF4ADB1901}.Debug|Any CPU.Build.0 = Debug|Any CPU
		{5E0B82D4-050B-4556-8B23-2BFF4ADB1901}.Release|Any CPU.ActiveCfg = Release|Any CPU
		{5E0B82D4-050B-4556-8B23-2BFF4ADB1901}.Release|Any CPU.Build.0 = Release|Any CPU
	EndGlobalSection
EndGlobal
