
Microsoft Visual Studio Solution File, Format Version 12.00
# Visual Studio Version 17
VisualStudioVersion = 17.6.33815.320
MinimumVisualStudioVersion = 10.0.40219.1
Project("{9A19103F-16F7-4668-BE54-9A1E7A4F7556}") = "dotnetapp", "dotnetapp\dotnetapp.csproj", "{1FB080BE-A7FB-48C4-B689-093DCDBE36BA}"
EndProject
Project("{FAE04EC0-301F-11D3-BF4B-00C04F79EFBC}") = "TestProject", "TestProject\TestProject.csproj", "{24FE6AD4-8E96-4523-A868-0C4EE2FBFDFC}"
EndProject
Global
	GlobalSection(SolutionConfigurationPlatforms) = preSolution
		Debug|Any CPU = Debug|Any CPU
		Release|Any CPU = Release|Any CPU
	EndGlobalSection
	GlobalSection(ProjectConfigurationPlatforms) = postSolution
		{1FB080BE-A7FB-48C4-B689-093DCDBE36BA}.Debug|Any CPU.ActiveCfg = Debug|Any CPU
		{1FB080BE-A7FB-48C4-B689-093DCDBE36BA}.Debug|Any CPU.Build.0 = Debug|Any CPU
		{1FB080BE-A7FB-48C4-B689-093DCDBE36BA}.Release|Any CPU.ActiveCfg = Release|Any CPU
		{1FB080BE-A7FB-48C4-B689-093DCDBE36BA}.Release|Any CPU.Build.0 = Release|Any CPU
		{24FE6AD4-8E96-4523-A868-0C4EE2FBFDFC}.Debug|Any CPU.ActiveCfg = Debug|Any CPU
		{24FE6AD4-8E96-4523-A868-0C4EE2FBFDFC}.Debug|Any CPU.Build.0 = Debug|Any CPU
		{24FE6AD4-8E96-4523-A868-0C4EE2FBFDFC}.Release|Any CPU.ActiveCfg = Release|Any CPU
		{24FE6AD4-8E96-4523-A868-0C4EE2FBFDFC}.Release|Any CPU.Build.0 = Release|Any CPU
	EndGlobalSection
	GlobalSection(SolutionProperties) = preSolution
		HideSolutionNode = FALSE
	EndGlobalSection
	GlobalSection(ExtensibilityGlobals) = postSolution
		SolutionGuid = {056895F8-291D-4746-903B-1447B788BA4F}
	EndGlobalSection
EndGlobal
